
Microsoft Visual Studio Solution File, Format Version 12.00
# Visual Studio Version 16
VisualStudioVersion = 16.0.30320.27
MinimumVisualStudioVersion = 10.0.40219.1
Project("{FAE04EC0-301F-11D3-BF4B-00C04F79EFBC}") = "Old.AntiClownDiscordBot", "Old.AntiClownDiscordBot\Old.AntiClownDiscordBot.csproj", "{C093576B-0A56-4217-B629-84BC58E5BF1D}"
EndProject
Project("{FAE04EC0-301F-11D3-BF4B-00C04F79EFBC}") = "AntiClownApi", "AntiClownApi\AntiClownApi.csproj", "{FFCFDDDA-EEF3-4845-A3EE-04F30F04CB92}"
EndProject
Project("{FAE04EC0-301F-11D3-BF4B-00C04F79EFBC}") = "Old.ApiWrapper", "Old.ApiWrapper\Old.ApiWrapper.csproj", "{B86331A6-6F1E-44EE-9941-3563E0C8795B}"
EndProject
Project("{FAE04EC0-301F-11D3-BF4B-00C04F79EFBC}") = "AntiClownBot.DiscordBot", "AntiClownBot.DiscordBot\AntiClownBot.DiscordBot.csproj", "{E2794C47-DD22-4430-9F4E-C309AA889966}"
EndProject
Project("{FAE04EC0-301F-11D3-BF4B-00C04F79EFBC}") = "AntiClownApi.Client", "AntiClownApi.Client\AntiClownApi.Client.csproj", "{B0D652AF-39A4-45FF-9DDE-E16CAAFFB930}"
EndProject
Project("{FAE04EC0-301F-11D3-BF4B-00C04F79EFBC}") = "AntiClownApi.Client.Dto", "AntiClownApi.Client.Dto\AntiClownApi.Client.Dto.csproj", "{6292B7CF-73C5-487C-B490-DED480E38197}"
EndProject
Project("{2150E333-8FDC-42A3-9474-1A3956D46DE8}") = "AntiClownApi.Old", "AntiClownApi.Old", "{E1384FA0-4102-4C62-BE6C-AB9B6335523B}"
EndProject
Project("{2150E333-8FDC-42A3-9474-1A3956D46DE8}") = "Front", "Front", "{51A6D08A-86FF-48BA-A1BA-76DEF28B6FF7}"
EndProject
Project("{2150E333-8FDC-42A3-9474-1A3956D46DE8}") = "OldShit", "OldShit", "{7D5D4EF2-7274-4F7D-A847-7FB8511F7A15}"
EndProject
Project("{2150E333-8FDC-42A3-9474-1A3956D46DE8}") = "Common", "Common", "{B3879B85-BE5D-49A0-AE5E-6B4AC647ADC2}"
EndProject
Project("{FAE04EC0-301F-11D3-BF4B-00C04F79EFBC}") = "RestClient", "RestClient\RestClient.csproj", "{96505177-1819-4FD7-8702-93058CD19EC9}"
EndProject
Project("{FAE04EC0-301F-11D3-BF4B-00C04F79EFBC}") = "Dto", "Dto\Dto.csproj", "{447FFD91-912F-4170-99EA-312E8661FE32}"
EndProject
Project("{FAE04EC0-301F-11D3-BF4B-00C04F79EFBC}") = "CommonServices", "CommonServices\CommonServices.csproj", "{1F4FA705-8DF8-4737-96C3-CCC94D19B9FE}"
EndProject
Project("{2150E333-8FDC-42A3-9474-1A3956D46DE8}") = "EntryPoints", "EntryPoints", "{4453D483-C837-49E7-A447-D9CF95F7CA9E}"
EndProject
Project("{2150E333-8FDC-42A3-9474-1A3956D46DE8}") = "Core", "Core", "{1FE4EEC9-A515-4E6B-A4E9-01A805D97760}"
EndProject
Project("{2150E333-8FDC-42A3-9474-1A3956D46DE8}") = "Clients", "Clients", "{FD8C2265-D1BC-4808-B209-8D794440BEDE}"
EndProject
Project("{FAE04EC0-301F-11D3-BF4B-00C04F79EFBC}") = "AntiClown.Api", "AntiClown.Api\AntiClown.Api.csproj", "{16A649B8-4F53-4277-9D65-1FB5017026D7}"
EndProject
Project("{FAE04EC0-301F-11D3-BF4B-00C04F79EFBC}") = "AntiClown.Entertainment.Api", "AntiClown.Entertainment.Api\AntiClown.Entertainment.Api.csproj", "{FC657D5D-38E7-4592-9DD3-C30EFC887207}"
EndProject
Project("{FAE04EC0-301F-11D3-BF4B-00C04F79EFBC}") = "AntiClown.Api.Core", "AntiClown.Api.Core\AntiClown.Api.Core.csproj", "{8151C6D5-7925-415D-B99F-8AE3AE0C0A1B}"
EndProject
Project("{FAE04EC0-301F-11D3-BF4B-00C04F79EFBC}") = "AntiClown.Entertainment.Api.Core", "AntiClown.Entertainment.Api.Core\AntiClown.Entertainment.Api.Core.csproj", "{A39CB7BB-13CA-446F-A27A-7531221A0614}"
EndProject
Project("{FAE04EC0-301F-11D3-BF4B-00C04F79EFBC}") = "AntiClown.EventsDaemon", "AntiClown.EventsDaemon\AntiClown.EventsDaemon.csproj", "{AA4C4AE6-66E2-4493-9504-5FA365870359}"
EndProject
Project("{FAE04EC0-301F-11D3-BF4B-00C04F79EFBC}") = "AntiClown.Api.Dto", "AntiClown.Api.Dto\AntiClown.Api.Dto.csproj", "{E215E87A-2B30-4627-BB23-A583FB07F3B4}"
EndProject
Project("{2150E333-8FDC-42A3-9474-1A3956D46DE8}") = "Tests", "Tests", "{2B4662EB-23A3-44A4-AC59-D6C5C8D57038}"
EndProject
Project("{FAE04EC0-301F-11D3-BF4B-00C04F79EFBC}") = "AntiClown.Api.Core.IntegrationTests", "Tests\AntiClown.Api.Core.IntegrationTests\AntiClown.Api.Core.IntegrationTests.csproj", "{9D78C8A1-3D18-434C-86B7-FD2F3649D0A3}"
EndProject
Project("{2150E333-8FDC-42A3-9474-1A3956D46DE8}") = "Tools", "Tools", "{090A7686-8D18-42F2-BC5E-6D8EC65A3685}"
EndProject
Project("{FAE04EC0-301F-11D3-BF4B-00C04F79EFBC}") = "Utility", "Utility\Utility.csproj", "{91AA8F5E-369F-445E-A2A3-A81984FD8F44}"
EndProject
Project("{2150E333-8FDC-42A3-9474-1A3956D46DE8}") = "Bot", "Bot", "{23556088-296A-4CB7-8209-CC5B4532BF57}"
EndProject
Project("{2150E333-8FDC-42A3-9474-1A3956D46DE8}") = "Messages", "Messages", "{5E534A63-D914-4514-B782-5A9BC3AEDB9E}"
EndProject
Project("{FAE04EC0-301F-11D3-BF4B-00C04F79EFBC}") = "AntiClown.Messages.Dto", "AntiClown.Messages.Dto\AntiClown.Messages.Dto.csproj", "{4C2778B5-1F1F-4A76-A50F-36B4E7A0E108}"
EndProject
Global
	GlobalSection(SolutionConfigurationPlatforms) = preSolution
		Debug|Any CPU = Debug|Any CPU
		Release|Any CPU = Release|Any CPU
	EndGlobalSection
	GlobalSection(ProjectConfigurationPlatforms) = postSolution
		{C093576B-0A56-4217-B629-84BC58E5BF1D}.Debug|Any CPU.ActiveCfg = Debug|Any CPU
		{C093576B-0A56-4217-B629-84BC58E5BF1D}.Debug|Any CPU.Build.0 = Debug|Any CPU
		{C093576B-0A56-4217-B629-84BC58E5BF1D}.Release|Any CPU.ActiveCfg = Release|Any CPU
		{C093576B-0A56-4217-B629-84BC58E5BF1D}.Release|Any CPU.Build.0 = Release|Any CPU
		{FFCFDDDA-EEF3-4845-A3EE-04F30F04CB92}.Debug|Any CPU.ActiveCfg = Debug|Any CPU
		{FFCFDDDA-EEF3-4845-A3EE-04F30F04CB92}.Debug|Any CPU.Build.0 = Debug|Any CPU
		{FFCFDDDA-EEF3-4845-A3EE-04F30F04CB92}.Release|Any CPU.ActiveCfg = Release|Any CPU
		{FFCFDDDA-EEF3-4845-A3EE-04F30F04CB92}.Release|Any CPU.Build.0 = Release|Any CPU
		{B86331A6-6F1E-44EE-9941-3563E0C8795B}.Debug|Any CPU.ActiveCfg = Debug|Any CPU
		{B86331A6-6F1E-44EE-9941-3563E0C8795B}.Debug|Any CPU.Build.0 = Debug|Any CPU
		{B86331A6-6F1E-44EE-9941-3563E0C8795B}.Release|Any CPU.ActiveCfg = Release|Any CPU
		{B86331A6-6F1E-44EE-9941-3563E0C8795B}.Release|Any CPU.Build.0 = Release|Any CPU
		{E2794C47-DD22-4430-9F4E-C309AA889966}.Debug|Any CPU.ActiveCfg = Debug|Any CPU
		{E2794C47-DD22-4430-9F4E-C309AA889966}.Debug|Any CPU.Build.0 = Debug|Any CPU
		{E2794C47-DD22-4430-9F4E-C309AA889966}.Release|Any CPU.ActiveCfg = Release|Any CPU
		{E2794C47-DD22-4430-9F4E-C309AA889966}.Release|Any CPU.Build.0 = Release|Any CPU
		{B0D652AF-39A4-45FF-9DDE-E16CAAFFB930}.Debug|Any CPU.ActiveCfg = Debug|Any CPU
		{B0D652AF-39A4-45FF-9DDE-E16CAAFFB930}.Debug|Any CPU.Build.0 = Debug|Any CPU
		{B0D652AF-39A4-45FF-9DDE-E16CAAFFB930}.Release|Any CPU.ActiveCfg = Release|Any CPU
		{B0D652AF-39A4-45FF-9DDE-E16CAAFFB930}.Release|Any CPU.Build.0 = Release|Any CPU
		{6292B7CF-73C5-487C-B490-DED480E38197}.Debug|Any CPU.ActiveCfg = Debug|Any CPU
		{6292B7CF-73C5-487C-B490-DED480E38197}.Debug|Any CPU.Build.0 = Debug|Any CPU
		{6292B7CF-73C5-487C-B490-DED480E38197}.Release|Any CPU.ActiveCfg = Release|Any CPU
		{6292B7CF-73C5-487C-B490-DED480E38197}.Release|Any CPU.Build.0 = Release|Any CPU
		{96505177-1819-4FD7-8702-93058CD19EC9}.Debug|Any CPU.ActiveCfg = Debug|Any CPU
		{96505177-1819-4FD7-8702-93058CD19EC9}.Debug|Any CPU.Build.0 = Debug|Any CPU
		{96505177-1819-4FD7-8702-93058CD19EC9}.Release|Any CPU.ActiveCfg = Release|Any CPU
		{96505177-1819-4FD7-8702-93058CD19EC9}.Release|Any CPU.Build.0 = Release|Any CPU
		{447FFD91-912F-4170-99EA-312E8661FE32}.Debug|Any CPU.ActiveCfg = Debug|Any CPU
		{447FFD91-912F-4170-99EA-312E8661FE32}.Debug|Any CPU.Build.0 = Debug|Any CPU
		{447FFD91-912F-4170-99EA-312E8661FE32}.Release|Any CPU.ActiveCfg = Release|Any CPU
		{447FFD91-912F-4170-99EA-312E8661FE32}.Release|Any CPU.Build.0 = Release|Any CPU
		{1F4FA705-8DF8-4737-96C3-CCC94D19B9FE}.Debug|Any CPU.ActiveCfg = Debug|Any CPU
		{1F4FA705-8DF8-4737-96C3-CCC94D19B9FE}.Debug|Any CPU.Build.0 = Debug|Any CPU
		{1F4FA705-8DF8-4737-96C3-CCC94D19B9FE}.Release|Any CPU.ActiveCfg = Release|Any CPU
		{1F4FA705-8DF8-4737-96C3-CCC94D19B9FE}.Release|Any CPU.Build.0 = Release|Any CPU
		{16A649B8-4F53-4277-9D65-1FB5017026D7}.Debug|Any CPU.ActiveCfg = Debug|Any CPU
		{16A649B8-4F53-4277-9D65-1FB5017026D7}.Debug|Any CPU.Build.0 = Debug|Any CPU
		{16A649B8-4F53-4277-9D65-1FB5017026D7}.Release|Any CPU.ActiveCfg = Release|Any CPU
		{16A649B8-4F53-4277-9D65-1FB5017026D7}.Release|Any CPU.Build.0 = Release|Any CPU
		{FC657D5D-38E7-4592-9DD3-C30EFC887207}.Debug|Any CPU.ActiveCfg = Debug|Any CPU
		{FC657D5D-38E7-4592-9DD3-C30EFC887207}.Debug|Any CPU.Build.0 = Debug|Any CPU
		{FC657D5D-38E7-4592-9DD3-C30EFC887207}.Release|Any CPU.ActiveCfg = Release|Any CPU
		{FC657D5D-38E7-4592-9DD3-C30EFC887207}.Release|Any CPU.Build.0 = Release|Any CPU
		{8151C6D5-7925-415D-B99F-8AE3AE0C0A1B}.Debug|Any CPU.ActiveCfg = Debug|Any CPU
		{8151C6D5-7925-415D-B99F-8AE3AE0C0A1B}.Debug|Any CPU.Build.0 = Debug|Any CPU
		{8151C6D5-7925-415D-B99F-8AE3AE0C0A1B}.Release|Any CPU.ActiveCfg = Release|Any CPU
		{8151C6D5-7925-415D-B99F-8AE3AE0C0A1B}.Release|Any CPU.Build.0 = Release|Any CPU
		{A39CB7BB-13CA-446F-A27A-7531221A0614}.Debug|Any CPU.ActiveCfg = Debug|Any CPU
		{A39CB7BB-13CA-446F-A27A-7531221A0614}.Debug|Any CPU.Build.0 = Debug|Any CPU
		{A39CB7BB-13CA-446F-A27A-7531221A0614}.Release|Any CPU.ActiveCfg = Release|Any CPU
		{A39CB7BB-13CA-446F-A27A-7531221A0614}.Release|Any CPU.Build.0 = Release|Any CPU
		{AA4C4AE6-66E2-4493-9504-5FA365870359}.Debug|Any CPU.ActiveCfg = Debug|Any CPU
		{AA4C4AE6-66E2-4493-9504-5FA365870359}.Debug|Any CPU.Build.0 = Debug|Any CPU
		{AA4C4AE6-66E2-4493-9504-5FA365870359}.Release|Any CPU.ActiveCfg = Release|Any CPU
		{AA4C4AE6-66E2-4493-9504-5FA365870359}.Release|Any CPU.Build.0 = Release|Any CPU
		{E215E87A-2B30-4627-BB23-A583FB07F3B4}.Debug|Any CPU.ActiveCfg = Debug|Any CPU
		{E215E87A-2B30-4627-BB23-A583FB07F3B4}.Debug|Any CPU.Build.0 = Debug|Any CPU
		{E215E87A-2B30-4627-BB23-A583FB07F3B4}.Release|Any CPU.ActiveCfg = Release|Any CPU
		{E215E87A-2B30-4627-BB23-A583FB07F3B4}.Release|Any CPU.Build.0 = Release|Any CPU
		{9D78C8A1-3D18-434C-86B7-FD2F3649D0A3}.Debug|Any CPU.ActiveCfg = Debug|Any CPU
		{9D78C8A1-3D18-434C-86B7-FD2F3649D0A3}.Debug|Any CPU.Build.0 = Debug|Any CPU
		{9D78C8A1-3D18-434C-86B7-FD2F3649D0A3}.Release|Any CPU.ActiveCfg = Release|Any CPU
		{9D78C8A1-3D18-434C-86B7-FD2F3649D0A3}.Release|Any CPU.Build.0 = Release|Any CPU
		{91AA8F5E-369F-445E-A2A3-A81984FD8F44}.Debug|Any CPU.ActiveCfg = Debug|Any CPU
		{91AA8F5E-369F-445E-A2A3-A81984FD8F44}.Debug|Any CPU.Build.0 = Debug|Any CPU
		{91AA8F5E-369F-445E-A2A3-A81984FD8F44}.Release|Any CPU.ActiveCfg = Release|Any CPU
		{91AA8F5E-369F-445E-A2A3-A81984FD8F44}.Release|Any CPU.Build.0 = Release|Any CPU
		{4C2778B5-1F1F-4A76-A50F-36B4E7A0E108}.Debug|Any CPU.ActiveCfg = Debug|Any CPU
		{4C2778B5-1F1F-4A76-A50F-36B4E7A0E108}.Debug|Any CPU.Build.0 = Debug|Any CPU
		{4C2778B5-1F1F-4A76-A50F-36B4E7A0E108}.Release|Any CPU.ActiveCfg = Release|Any CPU
		{4C2778B5-1F1F-4A76-A50F-36B4E7A0E108}.Release|Any CPU.Build.0 = Release|Any CPU
	EndGlobalSection
	GlobalSection(SolutionProperties) = preSolution
		HideSolutionNode = FALSE
	EndGlobalSection
	GlobalSection(ExtensibilityGlobals) = postSolution
		SolutionGuid = {ACE564A1-A6EC-4547-8285-FB0CB56931FE}
	EndGlobalSection
	GlobalSection(NestedProjects) = preSolution
		{FFCFDDDA-EEF3-4845-A3EE-04F30F04CB92} = {E1384FA0-4102-4C62-BE6C-AB9B6335523B}
		{B0D652AF-39A4-45FF-9DDE-E16CAAFFB930} = {E1384FA0-4102-4C62-BE6C-AB9B6335523B}
		{6292B7CF-73C5-487C-B490-DED480E38197} = {E1384FA0-4102-4C62-BE6C-AB9B6335523B}
		{E2794C47-DD22-4430-9F4E-C309AA889966} = {51A6D08A-86FF-48BA-A1BA-76DEF28B6FF7}
		{96505177-1819-4FD7-8702-93058CD19EC9} = {B3879B85-BE5D-49A0-AE5E-6B4AC647ADC2}
		{447FFD91-912F-4170-99EA-312E8661FE32} = {B3879B85-BE5D-49A0-AE5E-6B4AC647ADC2}
		{1F4FA705-8DF8-4737-96C3-CCC94D19B9FE} = {B3879B85-BE5D-49A0-AE5E-6B4AC647ADC2}
		{16A649B8-4F53-4277-9D65-1FB5017026D7} = {4453D483-C837-49E7-A447-D9CF95F7CA9E}
		{FC657D5D-38E7-4592-9DD3-C30EFC887207} = {4453D483-C837-49E7-A447-D9CF95F7CA9E}
		{8151C6D5-7925-415D-B99F-8AE3AE0C0A1B} = {1FE4EEC9-A515-4E6B-A4E9-01A805D97760}
		{A39CB7BB-13CA-446F-A27A-7531221A0614} = {1FE4EEC9-A515-4E6B-A4E9-01A805D97760}
		{AA4C4AE6-66E2-4493-9504-5FA365870359} = {4453D483-C837-49E7-A447-D9CF95F7CA9E}
		{E215E87A-2B30-4627-BB23-A583FB07F3B4} = {FD8C2265-D1BC-4808-B209-8D794440BEDE}
		{9D78C8A1-3D18-434C-86B7-FD2F3649D0A3} = {2B4662EB-23A3-44A4-AC59-D6C5C8D57038}
		{91AA8F5E-369F-445E-A2A3-A81984FD8F44} = {090A7686-8D18-42F2-BC5E-6D8EC65A3685}
		{23556088-296A-4CB7-8209-CC5B4532BF57} = {7D5D4EF2-7274-4F7D-A847-7FB8511F7A15}
		{C093576B-0A56-4217-B629-84BC58E5BF1D} = {23556088-296A-4CB7-8209-CC5B4532BF57}
		{B86331A6-6F1E-44EE-9941-3563E0C8795B} = {23556088-296A-4CB7-8209-CC5B4532BF57}
		{E1384FA0-4102-4C62-BE6C-AB9B6335523B} = {7D5D4EF2-7274-4F7D-A847-7FB8511F7A15}
		{4C2778B5-1F1F-4A76-A50F-36B4E7A0E108} = {5E534A63-D914-4514-B782-5A9BC3AEDB9E}
	EndGlobalSection
EndGlobal
