
Microsoft Visual Studio Solution File, Format Version 12.00
# Visual Studio Version 16
VisualStudioVersion = 16.0.30320.27
MinimumVisualStudioVersion = 10.0.40219.1
Project("{FAE04EC0-301F-11D3-BF4B-00C04F79EFBC}") = "AntiClownDiscordBot", "AntiClownDiscordBot\AntiClownDiscordBot.csproj", "{C093576B-0A56-4217-B629-84BC58E5BF1D}"
EndProject
Project("{FAE04EC0-301F-11D3-BF4B-00C04F79EFBC}") = "AntiClownApi", "AntiClownApi\AntiClownApi.csproj", "{FFCFDDDA-EEF3-4845-A3EE-04F30F04CB92}"
EndProject
Global
	GlobalSection(SolutionConfigurationPlatforms) = preSolution
		Debug|Any CPU = Debug|Any CPU
		Release|Any CPU = Release|Any CPU
	EndGlobalSection
	GlobalSection(ProjectConfigurationPlatforms) = postSolution
		{C093576B-0A56-4217-B629-84BC58E5BF1D}.Debug|Any CPU.ActiveCfg = Debug|Any CPU
		{C093576B-0A56-4217-B629-84BC58E5BF1D}.Debug|Any CPU.Build.0 = Debug|Any CPU
		{C093576B-0A56-4217-B629-84BC58E5BF1D}.Release|Any CPU.ActiveCfg = Release|Any CPU
		{C093576B-0A56-4217-B629-84BC58E5BF1D}.Release|Any CPU.Build.0 = Release|Any CPU
		{FFCFDDDA-EEF3-4845-A3EE-04F30F04CB92}.Debug|Any CPU.ActiveCfg = Debug|Any CPU
		{FFCFDDDA-EEF3-4845-A3EE-04F30F04CB92}.Debug|Any CPU.Build.0 = Debug|Any CPU
		{FFCFDDDA-EEF3-4845-A3EE-04F30F04CB92}.Release|Any CPU.ActiveCfg = Release|Any CPU
		{FFCFDDDA-EEF3-4845-A3EE-04F30F04CB92}.Release|Any CPU.Build.0 = Release|Any CPU
	EndGlobalSection
	GlobalSection(SolutionProperties) = preSolution
		HideSolutionNode = FALSE
	EndGlobalSection
	GlobalSection(ExtensibilityGlobals) = postSolution
		SolutionGuid = {ACE564A1-A6EC-4547-8285-FB0CB56931FE}
	EndGlobalSection
EndGlobal
